
Microsoft Visual Studio Solution File, Format Version 12.00
# Visual Studio 15
VisualStudioVersion = 15.0.27428.2015
MinimumVisualStudioVersion = 10.0.40219.1
Project("{888888A0-9F3D-457C-B088-3A5042F75D52}") = "ZakatModulConstructor", "ZakatModulConstructor\ZakatModulConstructor.pyproj", "{5D7D8F0A-38EF-4776-8E94-06904EE4BBE0}"
EndProject
Global
	GlobalSection(SolutionConfigurationPlatforms) = preSolution
		Debug|Any CPU = Debug|Any CPU
		Release|Any CPU = Release|Any CPU
	EndGlobalSection
	GlobalSection(ProjectConfigurationPlatforms) = postSolution
		{5D7D8F0A-38EF-4776-8E94-06904EE4BBE0}.Debug|Any CPU.ActiveCfg = Debug|Any CPU
		{5D7D8F0A-38EF-4776-8E94-06904EE4BBE0}.Release|Any CPU.ActiveCfg = Release|Any CPU
	EndGlobalSection
	GlobalSection(SolutionProperties) = preSolution
		HideSolutionNode = FALSE
	EndGlobalSection
	GlobalSection(ExtensibilityGlobals) = postSolution
		SolutionGuid = {2B7F4DA4-ADDC-4A13-BEA1-99ADFA46640D}
	EndGlobalSection
EndGlobal
